// !$*UTF8*$!
{
	archiveVersion = 1;
	classes = {
	};
	objectVersion = 52;
	objects = {

/* Begin PBXBuildFile section */
		512CF2F1276B839F00706071 /* VocaListCore.swift in Sources */ = {isa = PBXBuildFile; fileRef = 512CF2F0276B839F00706071 /* VocaListCore.swift */; };
		512CF2F2276B839F00706071 /* VocaListCore.swift in Sources */ = {isa = PBXBuildFile; fileRef = 512CF2F0276B839F00706071 /* VocaListCore.swift */; };
		512CF2F5276B83E600706071 /* ComposableArchitecture in Frameworks */ = {isa = PBXBuildFile; productRef = 512CF2F4276B83E600706071 /* ComposableArchitecture */; };
		512CF2F7276B842200706071 /* VocaCore.swift in Sources */ = {isa = PBXBuildFile; fileRef = 512CF2F6276B842200706071 /* VocaCore.swift */; };
		512CF2F8276B842200706071 /* VocaCore.swift in Sources */ = {isa = PBXBuildFile; fileRef = 512CF2F6276B842200706071 /* VocaCore.swift */; };
		512CF2FA276B8FB100706071 /* VocaGroupCore.swift in Sources */ = {isa = PBXBuildFile; fileRef = 512CF2F9276B8FB100706071 /* VocaGroupCore.swift */; };
		512CF2FB276B8FB100706071 /* VocaGroupCore.swift in Sources */ = {isa = PBXBuildFile; fileRef = 512CF2F9276B8FB100706071 /* VocaGroupCore.swift */; };
		512CF2FD276B91AD00706071 /* VocaGroupSectionView.swift in Sources */ = {isa = PBXBuildFile; fileRef = 512CF2FC276B91AD00706071 /* VocaGroupSectionView.swift */; };
		512CF2FE276B91AD00706071 /* VocaGroupSectionView.swift in Sources */ = {isa = PBXBuildFile; fileRef = 512CF2FC276B91AD00706071 /* VocaGroupSectionView.swift */; };
		512CF300276B964800706071 /* QuickAddVocaCore.swift in Sources */ = {isa = PBXBuildFile; fileRef = 512CF2FF276B964700706071 /* QuickAddVocaCore.swift */; };
		512CF301276B964800706071 /* QuickAddVocaCore.swift in Sources */ = {isa = PBXBuildFile; fileRef = 512CF2FF276B964700706071 /* QuickAddVocaCore.swift */; };
		512CF303276B96C100706071 /* QuickAddVocaView.swift in Sources */ = {isa = PBXBuildFile; fileRef = 512CF302276B96C100706071 /* QuickAddVocaView.swift */; };
		512CF304276B96C100706071 /* QuickAddVocaView.swift in Sources */ = {isa = PBXBuildFile; fileRef = 512CF302276B96C100706071 /* QuickAddVocaView.swift */; };
		512CF30A276C3EC400706071 /* VocaCardView.swift in Sources */ = {isa = PBXBuildFile; fileRef = 512CF309276C3EC400706071 /* VocaCardView.swift */; };
		512CF30B276C3EC400706071 /* VocaCardView.swift in Sources */ = {isa = PBXBuildFile; fileRef = 512CF309276C3EC400706071 /* VocaCardView.swift */; };
		512CF30D276C4C6900706071 /* SwipableCardView.swift in Sources */ = {isa = PBXBuildFile; fileRef = 512CF30C276C4C6800706071 /* SwipableCardView.swift */; };
		512CF30E276C4C6900706071 /* SwipableCardView.swift in Sources */ = {isa = PBXBuildFile; fileRef = 512CF30C276C4C6800706071 /* SwipableCardView.swift */; };
		512CF311276E18C700706071 /* AddVocaModel.swift in Sources */ = {isa = PBXBuildFile; fileRef = 512CF310276E18C700706071 /* AddVocaModel.swift */; };
		512CF312276E18C700706071 /* AddVocaModel.swift in Sources */ = {isa = PBXBuildFile; fileRef = 512CF310276E18C700706071 /* AddVocaModel.swift */; };
		512CF314276E1A6700706071 /* VocaQuizListCore.swift in Sources */ = {isa = PBXBuildFile; fileRef = 512CF313276E1A6700706071 /* VocaQuizListCore.swift */; };
		512CF315276E1A6700706071 /* VocaQuizListCore.swift in Sources */ = {isa = PBXBuildFile; fileRef = 512CF313276E1A6700706071 /* VocaQuizListCore.swift */; };
		512CF317276E1BD100706071 /* VocaGroupItemView.swift in Sources */ = {isa = PBXBuildFile; fileRef = 512CF316276E1BD100706071 /* VocaGroupItemView.swift */; };
		512CF318276E1BD100706071 /* VocaGroupItemView.swift in Sources */ = {isa = PBXBuildFile; fileRef = 512CF316276E1BD100706071 /* VocaGroupItemView.swift */; };
		512CF31A276E209B00706071 /* VocaQuizCore.swift in Sources */ = {isa = PBXBuildFile; fileRef = 512CF319276E209B00706071 /* VocaQuizCore.swift */; };
		512CF31B276E209B00706071 /* VocaQuizCore.swift in Sources */ = {isa = PBXBuildFile; fileRef = 512CF319276E209B00706071 /* VocaQuizCore.swift */; };
		512CF31D276EA6F800706071 /* AddVocaItemView.swift in Sources */ = {isa = PBXBuildFile; fileRef = 512CF31C276EA6F700706071 /* AddVocaItemView.swift */; };
		512CF31E276EA6F800706071 /* AddVocaItemView.swift in Sources */ = {isa = PBXBuildFile; fileRef = 512CF31C276EA6F700706071 /* AddVocaItemView.swift */; };
		512CF320276EA75D00706071 /* AddVocaItemCore.swift in Sources */ = {isa = PBXBuildFile; fileRef = 512CF31F276EA75D00706071 /* AddVocaItemCore.swift */; };
		512CF321276EA75D00706071 /* AddVocaItemCore.swift in Sources */ = {isa = PBXBuildFile; fileRef = 512CF31F276EA75D00706071 /* AddVocaItemCore.swift */; };
		512CF325276EB7CD00706071 /* AddVocaListCore.swift in Sources */ = {isa = PBXBuildFile; fileRef = 512CF324276EB7CD00706071 /* AddVocaListCore.swift */; };
		512CF326276EB7CD00706071 /* AddVocaListCore.swift in Sources */ = {isa = PBXBuildFile; fileRef = 512CF324276EB7CD00706071 /* AddVocaListCore.swift */; };
		51554D4F26F37DAF0030BB2D /* Tests_iOS.swift in Sources */ = {isa = PBXBuildFile; fileRef = 51554D4E26F37DAF0030BB2D /* Tests_iOS.swift */; };
		51554D5A26F37DAF0030BB2D /* Tests_macOS.swift in Sources */ = {isa = PBXBuildFile; fileRef = 51554D5926F37DAF0030BB2D /* Tests_macOS.swift */; };
		51554D5C26F37DAF0030BB2D /* VocaApp.swift in Sources */ = {isa = PBXBuildFile; fileRef = 51554D3326F37DAD0030BB2D /* VocaApp.swift */; };
		51554D5D26F37DAF0030BB2D /* VocaApp.swift in Sources */ = {isa = PBXBuildFile; fileRef = 51554D3326F37DAD0030BB2D /* VocaApp.swift */; };
		51554D5E26F37DAF0030BB2D /* VocaListView.swift in Sources */ = {isa = PBXBuildFile; fileRef = 51554D3426F37DAD0030BB2D /* VocaListView.swift */; };
		51554D5F26F37DAF0030BB2D /* VocaListView.swift in Sources */ = {isa = PBXBuildFile; fileRef = 51554D3426F37DAD0030BB2D /* VocaListView.swift */; };
		51554D6026F37DAF0030BB2D /* Assets.xcassets in Resources */ = {isa = PBXBuildFile; fileRef = 51554D3526F37DAF0030BB2D /* Assets.xcassets */; };
		51554D6126F37DAF0030BB2D /* Assets.xcassets in Resources */ = {isa = PBXBuildFile; fileRef = 51554D3526F37DAF0030BB2D /* Assets.xcassets */; };
		51554D7126F380BA0030BB2D /* VocaAppView.swift in Sources */ = {isa = PBXBuildFile; fileRef = 51554D7026F380BA0030BB2D /* VocaAppView.swift */; };
		51554D7226F380BA0030BB2D /* VocaAppView.swift in Sources */ = {isa = PBXBuildFile; fileRef = 51554D7026F380BA0030BB2D /* VocaAppView.swift */; };
		51554D7426F381B10030BB2D /* VocaQuizListView.swift in Sources */ = {isa = PBXBuildFile; fileRef = 51554D7326F381B10030BB2D /* VocaQuizListView.swift */; };
		51554D7526F381B10030BB2D /* VocaQuizListView.swift in Sources */ = {isa = PBXBuildFile; fileRef = 51554D7326F381B10030BB2D /* VocaQuizListView.swift */; };
		CE08300D277211D900252BCE /* If.swift in Sources */ = {isa = PBXBuildFile; fileRef = CE08300C277211D900252BCE /* If.swift */; };
		CE6DF297277681FA0034B2BE /* SimpleFocusView.swift in Sources */ = {isa = PBXBuildFile; fileRef = CE6DF296277681FA0034B2BE /* SimpleFocusView.swift */; };
		CE6DF298277681FA0034B2BE /* SimpleFocusView.swift in Sources */ = {isa = PBXBuildFile; fileRef = CE6DF296277681FA0034B2BE /* SimpleFocusView.swift */; };
		CE6DF29A2776C8F30034B2BE /* VocaAppCore.swift in Sources */ = {isa = PBXBuildFile; fileRef = CE6DF2992776C8F30034B2BE /* VocaAppCore.swift */; };
		CE6DF29B2776C8F30034B2BE /* VocaAppCore.swift in Sources */ = {isa = PBXBuildFile; fileRef = CE6DF2992776C8F30034B2BE /* VocaAppCore.swift */; };
		CE6DF29F277881F10034B2BE /* VocaList.swift in Sources */ = {isa = PBXBuildFile; fileRef = CE6DF29E277881F10034B2BE /* VocaList.swift */; };
		CE6DF2A0277881F10034B2BE /* VocaList.swift in Sources */ = {isa = PBXBuildFile; fileRef = CE6DF29E277881F10034B2BE /* VocaList.swift */; };
		CE6DF2A3277882350034B2BE /* URL+.swift in Sources */ = {isa = PBXBuildFile; fileRef = CE6DF2A2277882350034B2BE /* URL+.swift */; };
		CE6DF2A4277882350034B2BE /* URL+.swift in Sources */ = {isa = PBXBuildFile; fileRef = CE6DF2A2277882350034B2BE /* URL+.swift */; };
		CE6DF2AD277883D10034B2BE /* FileClient.swift in Sources */ = {isa = PBXBuildFile; fileRef = CE6DF2AC277883D10034B2BE /* FileClient.swift */; };
		CE6DF2AE277883D20034B2BE /* FileClient.swift in Sources */ = {isa = PBXBuildFile; fileRef = CE6DF2AC277883D10034B2BE /* FileClient.swift */; };
		CE6DF2B0277888850034B2BE /* Combine+.swift in Sources */ = {isa = PBXBuildFile; fileRef = CE6DF2AF277888850034B2BE /* Combine+.swift */; };
		CE6DF2B1277888850034B2BE /* Combine+.swift in Sources */ = {isa = PBXBuildFile; fileRef = CE6DF2AF277888850034B2BE /* Combine+.swift */; };
		CE6DF2B327788AC80034B2BE /* FileClientEffects.swift in Sources */ = {isa = PBXBuildFile; fileRef = CE6DF2B227788AC80034B2BE /* FileClientEffects.swift */; };
		CE6DF2B427788AC80034B2BE /* FileClientEffects.swift in Sources */ = {isa = PBXBuildFile; fileRef = CE6DF2B227788AC80034B2BE /* FileClientEffects.swift */; };
		CE6DF2B627788AD00034B2BE /* Live.swift in Sources */ = {isa = PBXBuildFile; fileRef = CE6DF2B527788AD00034B2BE /* Live.swift */; };
		CE6DF2B727788AD00034B2BE /* Live.swift in Sources */ = {isa = PBXBuildFile; fileRef = CE6DF2B527788AD00034B2BE /* Live.swift */; };
		CE6DF2B927788AD50034B2BE /* Mocks.swift in Sources */ = {isa = PBXBuildFile; fileRef = CE6DF2B827788AD50034B2BE /* Mocks.swift */; };
		CE6DF2BA27788AD50034B2BE /* Mocks.swift in Sources */ = {isa = PBXBuildFile; fileRef = CE6DF2B827788AD50034B2BE /* Mocks.swift */; };
		CE6DF2BC27789B790034B2BE /* NewGroupCore.swift in Sources */ = {isa = PBXBuildFile; fileRef = CE6DF2BB27789B790034B2BE /* NewGroupCore.swift */; };
		CE6DF2BD27789B790034B2BE /* NewGroupCore.swift in Sources */ = {isa = PBXBuildFile; fileRef = CE6DF2BB27789B790034B2BE /* NewGroupCore.swift */; };
		CE6DF2BF27789B8C0034B2BE /* NewGroupView.swift in Sources */ = {isa = PBXBuildFile; fileRef = CE6DF2BE27789B8C0034B2BE /* NewGroupView.swift */; };
		CE6DF2C027789B8C0034B2BE /* NewGroupView.swift in Sources */ = {isa = PBXBuildFile; fileRef = CE6DF2BE27789B8C0034B2BE /* NewGroupView.swift */; };
		CEF80DEC26F762A7004F259C /* CardView.swift in Sources */ = {isa = PBXBuildFile; fileRef = CEF80DEB26F762A7004F259C /* CardView.swift */; };
		CEF80DED26F762A7004F259C /* CardView.swift in Sources */ = {isa = PBXBuildFile; fileRef = CEF80DEB26F762A7004F259C /* CardView.swift */; };
		CEF80DEF26F764B2004F259C /* ContainerView.swift in Sources */ = {isa = PBXBuildFile; fileRef = CEF80DEE26F764B2004F259C /* ContainerView.swift */; };
		CEF80DF026F764B2004F259C /* ContainerView.swift in Sources */ = {isa = PBXBuildFile; fileRef = CEF80DEE26F764B2004F259C /* ContainerView.swift */; };
		CEF80DF226F764E1004F259C /* AddVocaListView.swift in Sources */ = {isa = PBXBuildFile; fileRef = CEF80DF126F764E1004F259C /* AddVocaListView.swift */; };
		CEF80DF326F764E1004F259C /* AddVocaListView.swift in Sources */ = {isa = PBXBuildFile; fileRef = CEF80DF126F764E1004F259C /* AddVocaListView.swift */; };
		CEF80DF526F76C7C004F259C /* VocaQuizView.swift in Sources */ = {isa = PBXBuildFile; fileRef = CEF80DF426F76C7C004F259C /* VocaQuizView.swift */; };
		CEF80DF626F76C7C004F259C /* VocaQuizView.swift in Sources */ = {isa = PBXBuildFile; fileRef = CEF80DF426F76C7C004F259C /* VocaQuizView.swift */; };
		CEF80DFA26F76CCF004F259C /* VocaQuizItemView.swift in Sources */ = {isa = PBXBuildFile; fileRef = CEF80DF926F76CCF004F259C /* VocaQuizItemView.swift */; };
		CEF80DFB26F76CCF004F259C /* VocaQuizItemView.swift in Sources */ = {isa = PBXBuildFile; fileRef = CEF80DF926F76CCF004F259C /* VocaQuizItemView.swift */; };
		CEF80DFD26F7721A004F259C /* VocaRowView.swift in Sources */ = {isa = PBXBuildFile; fileRef = CEF80DFC26F7721A004F259C /* VocaRowView.swift */; };
		CEF80DFE26F7721A004F259C /* VocaRowView.swift in Sources */ = {isa = PBXBuildFile; fileRef = CEF80DFC26F7721A004F259C /* VocaRowView.swift */; };
/* End PBXBuildFile section */

/* Begin PBXContainerItemProxy section */
		51554D4B26F37DAF0030BB2D /* PBXContainerItemProxy */ = {
			isa = PBXContainerItemProxy;
			containerPortal = 51554D2E26F37DAD0030BB2D /* Project object */;
			proxyType = 1;
			remoteGlobalIDString = 51554D3926F37DAF0030BB2D;
			remoteInfo = "Voca (iOS)";
		};
		51554D5626F37DAF0030BB2D /* PBXContainerItemProxy */ = {
			isa = PBXContainerItemProxy;
			containerPortal = 51554D2E26F37DAD0030BB2D /* Project object */;
			proxyType = 1;
			remoteGlobalIDString = 51554D4126F37DAF0030BB2D;
			remoteInfo = "Voca (macOS)";
		};
/* End PBXContainerItemProxy section */

/* Begin PBXFileReference section */
		512CF2F0276B839F00706071 /* VocaListCore.swift */ = {isa = PBXFileReference; lastKnownFileType = sourcecode.swift; path = VocaListCore.swift; sourceTree = "<group>"; };
		512CF2F6276B842200706071 /* VocaCore.swift */ = {isa = PBXFileReference; lastKnownFileType = sourcecode.swift; path = VocaCore.swift; sourceTree = "<group>"; };
		512CF2F9276B8FB100706071 /* VocaGroupCore.swift */ = {isa = PBXFileReference; lastKnownFileType = sourcecode.swift; path = VocaGroupCore.swift; sourceTree = "<group>"; };
		512CF2FC276B91AD00706071 /* VocaGroupSectionView.swift */ = {isa = PBXFileReference; lastKnownFileType = sourcecode.swift; path = VocaGroupSectionView.swift; sourceTree = "<group>"; };
		512CF2FF276B964700706071 /* QuickAddVocaCore.swift */ = {isa = PBXFileReference; lastKnownFileType = sourcecode.swift; path = QuickAddVocaCore.swift; sourceTree = "<group>"; };
		512CF302276B96C100706071 /* QuickAddVocaView.swift */ = {isa = PBXFileReference; lastKnownFileType = sourcecode.swift; path = QuickAddVocaView.swift; sourceTree = "<group>"; };
		512CF309276C3EC400706071 /* VocaCardView.swift */ = {isa = PBXFileReference; lastKnownFileType = sourcecode.swift; path = VocaCardView.swift; sourceTree = "<group>"; };
		512CF30C276C4C6800706071 /* SwipableCardView.swift */ = {isa = PBXFileReference; lastKnownFileType = sourcecode.swift; path = SwipableCardView.swift; sourceTree = "<group>"; };
		512CF310276E18C700706071 /* AddVocaModel.swift */ = {isa = PBXFileReference; lastKnownFileType = sourcecode.swift; path = AddVocaModel.swift; sourceTree = "<group>"; };
		512CF313276E1A6700706071 /* VocaQuizListCore.swift */ = {isa = PBXFileReference; lastKnownFileType = sourcecode.swift; path = VocaQuizListCore.swift; sourceTree = "<group>"; };
		512CF316276E1BD100706071 /* VocaGroupItemView.swift */ = {isa = PBXFileReference; lastKnownFileType = sourcecode.swift; path = VocaGroupItemView.swift; sourceTree = "<group>"; };
		512CF319276E209B00706071 /* VocaQuizCore.swift */ = {isa = PBXFileReference; lastKnownFileType = sourcecode.swift; path = VocaQuizCore.swift; sourceTree = "<group>"; };
		512CF31C276EA6F700706071 /* AddVocaItemView.swift */ = {isa = PBXFileReference; lastKnownFileType = sourcecode.swift; path = AddVocaItemView.swift; sourceTree = "<group>"; };
		512CF31F276EA75D00706071 /* AddVocaItemCore.swift */ = {isa = PBXFileReference; lastKnownFileType = sourcecode.swift; path = AddVocaItemCore.swift; sourceTree = "<group>"; };
		512CF324276EB7CD00706071 /* AddVocaListCore.swift */ = {isa = PBXFileReference; lastKnownFileType = sourcecode.swift; path = AddVocaListCore.swift; sourceTree = "<group>"; };
		51554D3326F37DAD0030BB2D /* VocaApp.swift */ = {isa = PBXFileReference; lastKnownFileType = sourcecode.swift; path = VocaApp.swift; sourceTree = "<group>"; };
		51554D3426F37DAD0030BB2D /* VocaListView.swift */ = {isa = PBXFileReference; lastKnownFileType = sourcecode.swift; path = VocaListView.swift; sourceTree = "<group>"; };
		51554D3526F37DAF0030BB2D /* Assets.xcassets */ = {isa = PBXFileReference; lastKnownFileType = folder.assetcatalog; path = Assets.xcassets; sourceTree = "<group>"; };
		51554D3A26F37DAF0030BB2D /* Voca.app */ = {isa = PBXFileReference; explicitFileType = wrapper.application; includeInIndex = 0; path = Voca.app; sourceTree = BUILT_PRODUCTS_DIR; };
		51554D3D26F37DAF0030BB2D /* Info.plist */ = {isa = PBXFileReference; lastKnownFileType = text.plist.xml; path = Info.plist; sourceTree = "<group>"; };
		51554D4226F37DAF0030BB2D /* Voca.app */ = {isa = PBXFileReference; explicitFileType = wrapper.application; includeInIndex = 0; path = Voca.app; sourceTree = BUILT_PRODUCTS_DIR; };
		51554D4426F37DAF0030BB2D /* Info.plist */ = {isa = PBXFileReference; lastKnownFileType = text.plist.xml; path = Info.plist; sourceTree = "<group>"; };
		51554D4526F37DAF0030BB2D /* macOS.entitlements */ = {isa = PBXFileReference; lastKnownFileType = text.plist.entitlements; path = macOS.entitlements; sourceTree = "<group>"; };
		51554D4A26F37DAF0030BB2D /* Tests iOS.xctest */ = {isa = PBXFileReference; explicitFileType = wrapper.cfbundle; includeInIndex = 0; path = "Tests iOS.xctest"; sourceTree = BUILT_PRODUCTS_DIR; };
		51554D4E26F37DAF0030BB2D /* Tests_iOS.swift */ = {isa = PBXFileReference; lastKnownFileType = sourcecode.swift; path = Tests_iOS.swift; sourceTree = "<group>"; };
		51554D5026F37DAF0030BB2D /* Info.plist */ = {isa = PBXFileReference; lastKnownFileType = text.plist.xml; path = Info.plist; sourceTree = "<group>"; };
		51554D5526F37DAF0030BB2D /* Tests macOS.xctest */ = {isa = PBXFileReference; explicitFileType = wrapper.cfbundle; includeInIndex = 0; path = "Tests macOS.xctest"; sourceTree = BUILT_PRODUCTS_DIR; };
		51554D5926F37DAF0030BB2D /* Tests_macOS.swift */ = {isa = PBXFileReference; lastKnownFileType = sourcecode.swift; path = Tests_macOS.swift; sourceTree = "<group>"; };
		51554D5B26F37DAF0030BB2D /* Info.plist */ = {isa = PBXFileReference; lastKnownFileType = text.plist.xml; path = Info.plist; sourceTree = "<group>"; };
		51554D7026F380BA0030BB2D /* VocaAppView.swift */ = {isa = PBXFileReference; lastKnownFileType = sourcecode.swift; path = VocaAppView.swift; sourceTree = "<group>"; };
		51554D7326F381B10030BB2D /* VocaQuizListView.swift */ = {isa = PBXFileReference; lastKnownFileType = sourcecode.swift; path = VocaQuizListView.swift; sourceTree = "<group>"; };
		CE08300C277211D900252BCE /* If.swift */ = {isa = PBXFileReference; lastKnownFileType = sourcecode.swift; path = If.swift; sourceTree = "<group>"; };
		CE6DF296277681FA0034B2BE /* SimpleFocusView.swift */ = {isa = PBXFileReference; lastKnownFileType = sourcecode.swift; path = SimpleFocusView.swift; sourceTree = "<group>"; };
		CE6DF2992776C8F30034B2BE /* VocaAppCore.swift */ = {isa = PBXFileReference; lastKnownFileType = sourcecode.swift; path = VocaAppCore.swift; sourceTree = "<group>"; };
		CE6DF29E277881F10034B2BE /* VocaList.swift */ = {isa = PBXFileReference; lastKnownFileType = sourcecode.swift; path = VocaList.swift; sourceTree = "<group>"; };
		CE6DF2A2277882350034B2BE /* URL+.swift */ = {isa = PBXFileReference; lastKnownFileType = sourcecode.swift; path = "URL+.swift"; sourceTree = "<group>"; };
		CE6DF2AC277883D10034B2BE /* FileClient.swift */ = {isa = PBXFileReference; lastKnownFileType = sourcecode.swift; path = FileClient.swift; sourceTree = "<group>"; };
		CE6DF2AF277888850034B2BE /* Combine+.swift */ = {isa = PBXFileReference; lastKnownFileType = sourcecode.swift; path = "Combine+.swift"; sourceTree = "<group>"; };
		CE6DF2B227788AC80034B2BE /* FileClientEffects.swift */ = {isa = PBXFileReference; lastKnownFileType = sourcecode.swift; path = FileClientEffects.swift; sourceTree = "<group>"; };
		CE6DF2B527788AD00034B2BE /* Live.swift */ = {isa = PBXFileReference; lastKnownFileType = sourcecode.swift; path = Live.swift; sourceTree = "<group>"; };
		CE6DF2B827788AD50034B2BE /* Mocks.swift */ = {isa = PBXFileReference; lastKnownFileType = sourcecode.swift; path = Mocks.swift; sourceTree = "<group>"; };
		CE6DF2BB27789B790034B2BE /* NewGroupCore.swift */ = {isa = PBXFileReference; lastKnownFileType = sourcecode.swift; path = NewGroupCore.swift; sourceTree = "<group>"; };
		CE6DF2BE27789B8C0034B2BE /* NewGroupView.swift */ = {isa = PBXFileReference; lastKnownFileType = sourcecode.swift; path = NewGroupView.swift; sourceTree = "<group>"; };
		CEF80DEB26F762A7004F259C /* CardView.swift */ = {isa = PBXFileReference; lastKnownFileType = sourcecode.swift; path = CardView.swift; sourceTree = "<group>"; };
		CEF80DEE26F764B2004F259C /* ContainerView.swift */ = {isa = PBXFileReference; lastKnownFileType = sourcecode.swift; path = ContainerView.swift; sourceTree = "<group>"; };
		CEF80DF126F764E1004F259C /* AddVocaListView.swift */ = {isa = PBXFileReference; lastKnownFileType = sourcecode.swift; path = AddVocaListView.swift; sourceTree = "<group>"; };
		CEF80DF426F76C7C004F259C /* VocaQuizView.swift */ = {isa = PBXFileReference; lastKnownFileType = sourcecode.swift; path = VocaQuizView.swift; sourceTree = "<group>"; };
		CEF80DF926F76CCF004F259C /* VocaQuizItemView.swift */ = {isa = PBXFileReference; lastKnownFileType = sourcecode.swift; path = VocaQuizItemView.swift; sourceTree = "<group>"; };
		CEF80DFC26F7721A004F259C /* VocaRowView.swift */ = {isa = PBXFileReference; lastKnownFileType = sourcecode.swift; path = VocaRowView.swift; sourceTree = "<group>"; };
/* End PBXFileReference section */

/* Begin PBXFrameworksBuildPhase section */
		51554D3726F37DAF0030BB2D /* Frameworks */ = {
			isa = PBXFrameworksBuildPhase;
			buildActionMask = 2147483647;
			files = (
				512CF2F5276B83E600706071 /* ComposableArchitecture in Frameworks */,
			);
			runOnlyForDeploymentPostprocessing = 0;
		};
		51554D3F26F37DAF0030BB2D /* Frameworks */ = {
			isa = PBXFrameworksBuildPhase;
			buildActionMask = 2147483647;
			files = (
			);
			runOnlyForDeploymentPostprocessing = 0;
		};
		51554D4726F37DAF0030BB2D /* Frameworks */ = {
			isa = PBXFrameworksBuildPhase;
			buildActionMask = 2147483647;
			files = (
			);
			runOnlyForDeploymentPostprocessing = 0;
		};
		51554D5226F37DAF0030BB2D /* Frameworks */ = {
			isa = PBXFrameworksBuildPhase;
			buildActionMask = 2147483647;
			files = (
			);
			runOnlyForDeploymentPostprocessing = 0;
		};
/* End PBXFrameworksBuildPhase section */

/* Begin PBXGroup section */
		512CF305276C3A3A00706071 /* Voca */ = {
			isa = PBXGroup;
			children = (
				512CF2F6276B842200706071 /* VocaCore.swift */,
				CEF80DFC26F7721A004F259C /* VocaRowView.swift */,
				512CF309276C3EC400706071 /* VocaCardView.swift */,
			);
			path = Voca;
			sourceTree = "<group>";
		};
		512CF306276C3AB300706071 /* VocaGroup */ = {
			isa = PBXGroup;
			children = (
				512CF2F9276B8FB100706071 /* VocaGroupCore.swift */,
				512CF2FC276B91AD00706071 /* VocaGroupSectionView.swift */,
				512CF316276E1BD100706071 /* VocaGroupItemView.swift */,
			);
			path = VocaGroup;
			sourceTree = "<group>";
		};
		512CF307276C3AC300706071 /* AddVocaItem */ = {
			isa = PBXGroup;
			children = (
				512CF31F276EA75D00706071 /* AddVocaItemCore.swift */,
				512CF31C276EA6F700706071 /* AddVocaItemView.swift */,
				CE6DF296277681FA0034B2BE /* SimpleFocusView.swift */,
			);
			path = AddVocaItem;
			sourceTree = "<group>";
		};
		512CF308276C3AE300706071 /* VocaQuizList */ = {
			isa = PBXGroup;
			children = (
				512CF313276E1A6700706071 /* VocaQuizListCore.swift */,
				51554D7326F381B10030BB2D /* VocaQuizListView.swift */,
				CEF80DF926F76CCF004F259C /* VocaQuizItemView.swift */,
			);
			path = VocaQuizList;
			sourceTree = "<group>";
		};
		512CF30F276E18B300706071 /* Models */ = {
			isa = PBXGroup;
			children = (
				512CF310276E18C700706071 /* AddVocaModel.swift */,
				CE6DF29E277881F10034B2BE /* VocaList.swift */,
			);
			path = Models;
			sourceTree = "<group>";
		};
		512CF322276EAE4000706071 /* AddVocaList */ = {
			isa = PBXGroup;
			children = (
				512CF307276C3AC300706071 /* AddVocaItem */,
				512CF324276EB7CD00706071 /* AddVocaListCore.swift */,
				CEF80DF126F764E1004F259C /* AddVocaListView.swift */,
			);
			path = AddVocaList;
			sourceTree = "<group>";
		};
		512CF323276EAE4700706071 /* QuickAddVoca */ = {
			isa = PBXGroup;
			children = (
				512CF2FF276B964700706071 /* QuickAddVocaCore.swift */,
				512CF302276B96C100706071 /* QuickAddVocaView.swift */,
			);
			path = QuickAddVoca;
			sourceTree = "<group>";
		};
		51554D2D26F37DAD0030BB2D = {
			isa = PBXGroup;
			children = (
				51554D3226F37DAD0030BB2D /* Shared */,
				51554D3C26F37DAF0030BB2D /* iOS */,
				51554D4326F37DAF0030BB2D /* macOS */,
				51554D4D26F37DAF0030BB2D /* Tests iOS */,
				51554D5826F37DAF0030BB2D /* Tests macOS */,
				51554D3B26F37DAF0030BB2D /* Products */,
			);
			sourceTree = "<group>";
		};
		51554D3226F37DAD0030BB2D /* Shared */ = {
			isa = PBXGroup;
			children = (
				51554D3326F37DAD0030BB2D /* VocaApp.swift */,
				CEADEC7D277F30560010F49A /* Modules */,
				CE6DF2AB277883C90034B2BE /* Clients */,
				512CF30F276E18B300706071 /* Models */,
				CEF80DEA26F7629C004F259C /* CommonViews */,
				CE08300B277211C800252BCE /* ViewModifiers */,
				CE6DF2A12778821B0034B2BE /* Extensions */,
				51554D3526F37DAF0030BB2D /* Assets.xcassets */,
			);
			path = Shared;
			sourceTree = "<group>";
		};
		51554D3B26F37DAF0030BB2D /* Products */ = {
			isa = PBXGroup;
			children = (
				51554D3A26F37DAF0030BB2D /* Voca.app */,
				51554D4226F37DAF0030BB2D /* Voca.app */,
				51554D4A26F37DAF0030BB2D /* Tests iOS.xctest */,
				51554D5526F37DAF0030BB2D /* Tests macOS.xctest */,
			);
			name = Products;
			sourceTree = "<group>";
		};
		51554D3C26F37DAF0030BB2D /* iOS */ = {
			isa = PBXGroup;
			children = (
				51554D3D26F37DAF0030BB2D /* Info.plist */,
			);
			path = iOS;
			sourceTree = "<group>";
		};
		51554D4326F37DAF0030BB2D /* macOS */ = {
			isa = PBXGroup;
			children = (
				51554D4426F37DAF0030BB2D /* Info.plist */,
				51554D4526F37DAF0030BB2D /* macOS.entitlements */,
			);
			path = macOS;
			sourceTree = "<group>";
		};
		51554D4D26F37DAF0030BB2D /* Tests iOS */ = {
			isa = PBXGroup;
			children = (
				51554D4E26F37DAF0030BB2D /* Tests_iOS.swift */,
				51554D5026F37DAF0030BB2D /* Info.plist */,
			);
			path = "Tests iOS";
			sourceTree = "<group>";
		};
		51554D5826F37DAF0030BB2D /* Tests macOS */ = {
			isa = PBXGroup;
			children = (
				51554D5926F37DAF0030BB2D /* Tests_macOS.swift */,
				51554D5B26F37DAF0030BB2D /* Info.plist */,
			);
			path = "Tests macOS";
			sourceTree = "<group>";
		};
		CE08300B277211C800252BCE /* ViewModifiers */ = {
			isa = PBXGroup;
			children = (
				CE08300C277211D900252BCE /* If.swift */,
			);
			path = ViewModifiers;
			sourceTree = "<group>";
		};
		CE6DF2A12778821B0034B2BE /* Extensions */ = {
			isa = PBXGroup;
			children = (
				CE6DF2A2277882350034B2BE /* URL+.swift */,
				CE6DF2AF277888850034B2BE /* Combine+.swift */,
			);
			path = Extensions;
			sourceTree = "<group>";
		};
		CE6DF2AB277883C90034B2BE /* Clients */ = {
			isa = PBXGroup;
			children = (
				CEADEC80277F30F30010F49A /* FileClient */,
			);
			path = Clients;
			sourceTree = "<group>";
		};
		CE6DF2C12778A2EC0034B2BE /* NewGroup */ = {
			isa = PBXGroup;
			children = (
				CE6DF2BB27789B790034B2BE /* NewGroupCore.swift */,
				CE6DF2BE27789B8C0034B2BE /* NewGroupView.swift */,
			);
			path = NewGroup;
			sourceTree = "<group>";
		};
		CEADEC7D277F30560010F49A /* Modules */ = {
			isa = PBXGroup;
			children = (
				CE6DF2992776C8F30034B2BE /* VocaAppCore.swift */,
				51554D7026F380BA0030BB2D /* VocaAppView.swift */,
				512CF305276C3A3A00706071 /* Voca */,
				512CF306276C3AB300706071 /* VocaGroup */,
				CEADEC7F277F309D0010F49A /* VocaQuiz */,
				CEADEC7E277F30930010F49A /* VocaList */,
			);
			path = Modules;
			sourceTree = "<group>";
		};
		CEADEC7E277F30930010F49A /* VocaList */ = {
			isa = PBXGroup;
			children = (
				512CF2F0276B839F00706071 /* VocaListCore.swift */,
				51554D3426F37DAD0030BB2D /* VocaListView.swift */,
				512CF322276EAE4000706071 /* AddVocaList */,
				CE6DF2C12778A2EC0034B2BE /* NewGroup */,
				512CF323276EAE4700706071 /* QuickAddVoca */,
			);
			path = VocaList;
			sourceTree = "<group>";
		};
		CEADEC7F277F309D0010F49A /* VocaQuiz */ = {
			isa = PBXGroup;
			children = (
				512CF308276C3AE300706071 /* VocaQuizList */,
				CEF80DF826F76CB2004F259C /* VocaQuiz */,
			);
			path = VocaQuiz;
			sourceTree = "<group>";
		};
		CEADEC80277F30F30010F49A /* FileClient */ = {
			isa = PBXGroup;
			children = (
				CE6DF2AC277883D10034B2BE /* FileClient.swift */,
				CE6DF2B227788AC80034B2BE /* FileClientEffects.swift */,
				CE6DF2B527788AD00034B2BE /* Live.swift */,
				CE6DF2B827788AD50034B2BE /* Mocks.swift */,
			);
			path = FileClient;
			sourceTree = "<group>";
		};
		CEF80DEA26F7629C004F259C /* CommonViews */ = {
			isa = PBXGroup;
			children = (
				CEF80DEB26F762A7004F259C /* CardView.swift */,
				512CF30C276C4C6800706071 /* SwipableCardView.swift */,
				CEF80DEE26F764B2004F259C /* ContainerView.swift */,
			);
			path = CommonViews;
			sourceTree = "<group>";
		};
		CEF80DF826F76CB2004F259C /* VocaQuiz */ = {
			isa = PBXGroup;
			children = (
				512CF319276E209B00706071 /* VocaQuizCore.swift */,
				CEF80DF426F76C7C004F259C /* VocaQuizView.swift */,
			);
			path = VocaQuiz;
			sourceTree = "<group>";
		};
/* End PBXGroup section */

/* Begin PBXNativeTarget section */
		51554D3926F37DAF0030BB2D /* Voca (iOS) */ = {
			isa = PBXNativeTarget;
			buildConfigurationList = 51554D6426F37DAF0030BB2D /* Build configuration list for PBXNativeTarget "Voca (iOS)" */;
			buildPhases = (
				51554D3626F37DAF0030BB2D /* Sources */,
				51554D3726F37DAF0030BB2D /* Frameworks */,
				51554D3826F37DAF0030BB2D /* Resources */,
			);
			buildRules = (
			);
			dependencies = (
			);
			name = "Voca (iOS)";
			packageProductDependencies = (
				512CF2F4276B83E600706071 /* ComposableArchitecture */,
			);
			productName = "Voca (iOS)";
			productReference = 51554D3A26F37DAF0030BB2D /* Voca.app */;
			productType = "com.apple.product-type.application";
		};
		51554D4126F37DAF0030BB2D /* Voca (macOS) */ = {
			isa = PBXNativeTarget;
			buildConfigurationList = 51554D6726F37DAF0030BB2D /* Build configuration list for PBXNativeTarget "Voca (macOS)" */;
			buildPhases = (
				51554D3E26F37DAF0030BB2D /* Sources */,
				51554D3F26F37DAF0030BB2D /* Frameworks */,
				51554D4026F37DAF0030BB2D /* Resources */,
			);
			buildRules = (
			);
			dependencies = (
			);
			name = "Voca (macOS)";
			productName = "Voca (macOS)";
			productReference = 51554D4226F37DAF0030BB2D /* Voca.app */;
			productType = "com.apple.product-type.application";
		};
		51554D4926F37DAF0030BB2D /* Tests iOS */ = {
			isa = PBXNativeTarget;
			buildConfigurationList = 51554D6A26F37DAF0030BB2D /* Build configuration list for PBXNativeTarget "Tests iOS" */;
			buildPhases = (
				51554D4626F37DAF0030BB2D /* Sources */,
				51554D4726F37DAF0030BB2D /* Frameworks */,
				51554D4826F37DAF0030BB2D /* Resources */,
			);
			buildRules = (
			);
			dependencies = (
				51554D4C26F37DAF0030BB2D /* PBXTargetDependency */,
			);
			name = "Tests iOS";
			productName = "Tests iOS";
			productReference = 51554D4A26F37DAF0030BB2D /* Tests iOS.xctest */;
			productType = "com.apple.product-type.bundle.ui-testing";
		};
		51554D5426F37DAF0030BB2D /* Tests macOS */ = {
			isa = PBXNativeTarget;
			buildConfigurationList = 51554D6D26F37DAF0030BB2D /* Build configuration list for PBXNativeTarget "Tests macOS" */;
			buildPhases = (
				51554D5126F37DAF0030BB2D /* Sources */,
				51554D5226F37DAF0030BB2D /* Frameworks */,
				51554D5326F37DAF0030BB2D /* Resources */,
			);
			buildRules = (
			);
			dependencies = (
				51554D5726F37DAF0030BB2D /* PBXTargetDependency */,
			);
			name = "Tests macOS";
			productName = "Tests macOS";
			productReference = 51554D5526F37DAF0030BB2D /* Tests macOS.xctest */;
			productType = "com.apple.product-type.bundle.ui-testing";
		};
/* End PBXNativeTarget section */

/* Begin PBXProject section */
		51554D2E26F37DAD0030BB2D /* Project object */ = {
			isa = PBXProject;
			attributes = {
				LastSwiftUpdateCheck = 1250;
				LastUpgradeCheck = 1250;
				TargetAttributes = {
					51554D3926F37DAF0030BB2D = {
						CreatedOnToolsVersion = 12.5.1;
					};
					51554D4126F37DAF0030BB2D = {
						CreatedOnToolsVersion = 12.5.1;
					};
					51554D4926F37DAF0030BB2D = {
						CreatedOnToolsVersion = 12.5.1;
						TestTargetID = 51554D3926F37DAF0030BB2D;
					};
					51554D5426F37DAF0030BB2D = {
						CreatedOnToolsVersion = 12.5.1;
						TestTargetID = 51554D4126F37DAF0030BB2D;
					};
				};
			};
			buildConfigurationList = 51554D3126F37DAD0030BB2D /* Build configuration list for PBXProject "Voca" */;
			compatibilityVersion = "Xcode 9.3";
			developmentRegion = en;
			hasScannedForEncodings = 0;
			knownRegions = (
				en,
				Base,
			);
			mainGroup = 51554D2D26F37DAD0030BB2D;
			packageReferences = (
				512CF2F3276B83E600706071 /* XCRemoteSwiftPackageReference "swift-composable-architecture" */,
			);
			productRefGroup = 51554D3B26F37DAF0030BB2D /* Products */;
			projectDirPath = "";
			projectRoot = "";
			targets = (
				51554D3926F37DAF0030BB2D /* Voca (iOS) */,
				51554D4126F37DAF0030BB2D /* Voca (macOS) */,
				51554D4926F37DAF0030BB2D /* Tests iOS */,
				51554D5426F37DAF0030BB2D /* Tests macOS */,
			);
		};
/* End PBXProject section */

/* Begin PBXResourcesBuildPhase section */
		51554D3826F37DAF0030BB2D /* Resources */ = {
			isa = PBXResourcesBuildPhase;
			buildActionMask = 2147483647;
			files = (
				51554D6026F37DAF0030BB2D /* Assets.xcassets in Resources */,
			);
			runOnlyForDeploymentPostprocessing = 0;
		};
		51554D4026F37DAF0030BB2D /* Resources */ = {
			isa = PBXResourcesBuildPhase;
			buildActionMask = 2147483647;
			files = (
				51554D6126F37DAF0030BB2D /* Assets.xcassets in Resources */,
			);
			runOnlyForDeploymentPostprocessing = 0;
		};
		51554D4826F37DAF0030BB2D /* Resources */ = {
			isa = PBXResourcesBuildPhase;
			buildActionMask = 2147483647;
			files = (
			);
			runOnlyForDeploymentPostprocessing = 0;
		};
		51554D5326F37DAF0030BB2D /* Resources */ = {
			isa = PBXResourcesBuildPhase;
			buildActionMask = 2147483647;
			files = (
			);
			runOnlyForDeploymentPostprocessing = 0;
		};
/* End PBXResourcesBuildPhase section */

/* Begin PBXSourcesBuildPhase section */
		51554D3626F37DAF0030BB2D /* Sources */ = {
			isa = PBXSourcesBuildPhase;
			buildActionMask = 2147483647;
			files = (
				51554D5E26F37DAF0030BB2D /* VocaListView.swift in Sources */,
				CE6DF2B327788AC80034B2BE /* FileClientEffects.swift in Sources */,
				512CF300276B964800706071 /* QuickAddVocaCore.swift in Sources */,
				CE6DF29F277881F10034B2BE /* VocaList.swift in Sources */,
				CE6DF2B927788AD50034B2BE /* Mocks.swift in Sources */,
				512CF320276EA75D00706071 /* AddVocaItemCore.swift in Sources */,
				512CF2FD276B91AD00706071 /* VocaGroupSectionView.swift in Sources */,
				CE6DF2B0277888850034B2BE /* Combine+.swift in Sources */,
				CE6DF2B627788AD00034B2BE /* Live.swift in Sources */,
				51554D7126F380BA0030BB2D /* VocaAppView.swift in Sources */,
				512CF311276E18C700706071 /* AddVocaModel.swift in Sources */,
				CEF80DEF26F764B2004F259C /* ContainerView.swift in Sources */,
				512CF2F7276B842200706071 /* VocaCore.swift in Sources */,
				CEF80DF226F764E1004F259C /* AddVocaListView.swift in Sources */,
				512CF314276E1A6700706071 /* VocaQuizListCore.swift in Sources */,
				51554D7426F381B10030BB2D /* VocaQuizListView.swift in Sources */,
				CE6DF297277681FA0034B2BE /* SimpleFocusView.swift in Sources */,
				512CF2F1276B839F00706071 /* VocaListCore.swift in Sources */,
				CEF80DF526F76C7C004F259C /* VocaQuizView.swift in Sources */,
				512CF317276E1BD100706071 /* VocaGroupItemView.swift in Sources */,
				CE6DF2BF27789B8C0034B2BE /* NewGroupView.swift in Sources */,
				CEF80DFD26F7721A004F259C /* VocaRowView.swift in Sources */,
				CE6DF2BC27789B790034B2BE /* NewGroupCore.swift in Sources */,
				512CF31A276E209B00706071 /* VocaQuizCore.swift in Sources */,
				512CF325276EB7CD00706071 /* AddVocaListCore.swift in Sources */,
				512CF30D276C4C6900706071 /* SwipableCardView.swift in Sources */,
				CE6DF2AD277883D10034B2BE /* FileClient.swift in Sources */,
				512CF303276B96C100706071 /* QuickAddVocaView.swift in Sources */,
				CE6DF29A2776C8F30034B2BE /* VocaAppCore.swift in Sources */,
				51554D5C26F37DAF0030BB2D /* VocaApp.swift in Sources */,
				512CF30A276C3EC400706071 /* VocaCardView.swift in Sources */,
				CEF80DEC26F762A7004F259C /* CardView.swift in Sources */,
				CE6DF2A3277882350034B2BE /* URL+.swift in Sources */,
				CE08300D277211D900252BCE /* If.swift in Sources */,
				512CF2FA276B8FB100706071 /* VocaGroupCore.swift in Sources */,
				CEF80DFA26F76CCF004F259C /* VocaQuizItemView.swift in Sources */,
				512CF31D276EA6F800706071 /* AddVocaItemView.swift in Sources */,
			);
			runOnlyForDeploymentPostprocessing = 0;
		};
		51554D3E26F37DAF0030BB2D /* Sources */ = {
			isa = PBXSourcesBuildPhase;
			buildActionMask = 2147483647;
			files = (
				CE6DF2A4277882350034B2BE /* URL+.swift in Sources */,
				CE6DF298277681FA0034B2BE /* SimpleFocusView.swift in Sources */,
				51554D5F26F37DAF0030BB2D /* VocaListView.swift in Sources */,
				512CF301276B964800706071 /* QuickAddVocaCore.swift in Sources */,
				512CF321276EA75D00706071 /* AddVocaItemCore.swift in Sources */,
				512CF2FE276B91AD00706071 /* VocaGroupSectionView.swift in Sources */,
				51554D7226F380BA0030BB2D /* VocaAppView.swift in Sources */,
				CE6DF29B2776C8F30034B2BE /* VocaAppCore.swift in Sources */,
				512CF312276E18C700706071 /* AddVocaModel.swift in Sources */,
				CEF80DF026F764B2004F259C /* ContainerView.swift in Sources */,
				512CF2F8276B842200706071 /* VocaCore.swift in Sources */,
				CEF80DF326F764E1004F259C /* AddVocaListView.swift in Sources */,
				512CF315276E1A6700706071 /* VocaQuizListCore.swift in Sources */,
				CE6DF2BA27788AD50034B2BE /* Mocks.swift in Sources */,
				51554D7526F381B10030BB2D /* VocaQuizListView.swift in Sources */,
				CE6DF2B727788AD00034B2BE /* Live.swift in Sources */,
				512CF2F2276B839F00706071 /* VocaListCore.swift in Sources */,
				CEF80DF626F76C7C004F259C /* VocaQuizView.swift in Sources */,
				512CF318276E1BD100706071 /* VocaGroupItemView.swift in Sources */,
				CE6DF2C027789B8C0034B2BE /* NewGroupView.swift in Sources */,
				CE6DF2B427788AC80034B2BE /* FileClientEffects.swift in Sources */,
				CEF80DFE26F7721A004F259C /* VocaRowView.swift in Sources */,
				512CF31B276E209B00706071 /* VocaQuizCore.swift in Sources */,
				512CF326276EB7CD00706071 /* AddVocaListCore.swift in Sources */,
				512CF30E276C4C6900706071 /* SwipableCardView.swift in Sources */,
				512CF304276B96C100706071 /* QuickAddVocaView.swift in Sources */,
				51554D5D26F37DAF0030BB2D /* VocaApp.swift in Sources */,
				CE6DF2A0277881F10034B2BE /* VocaList.swift in Sources */,
				CE6DF2B1277888850034B2BE /* Combine+.swift in Sources */,
				CE6DF2BD27789B790034B2BE /* NewGroupCore.swift in Sources */,
				512CF30B276C3EC400706071 /* VocaCardView.swift in Sources */,
				CEF80DED26F762A7004F259C /* CardView.swift in Sources */,
				512CF2FB276B8FB100706071 /* VocaGroupCore.swift in Sources */,
				CEF80DFB26F76CCF004F259C /* VocaQuizItemView.swift in Sources */,
				CE6DF2AE277883D20034B2BE /* FileClient.swift in Sources */,
				512CF31E276EA6F800706071 /* AddVocaItemView.swift in Sources */,
			);
			runOnlyForDeploymentPostprocessing = 0;
		};
		51554D4626F37DAF0030BB2D /* Sources */ = {
			isa = PBXSourcesBuildPhase;
			buildActionMask = 2147483647;
			files = (
				51554D4F26F37DAF0030BB2D /* Tests_iOS.swift in Sources */,
			);
			runOnlyForDeploymentPostprocessing = 0;
		};
		51554D5126F37DAF0030BB2D /* Sources */ = {
			isa = PBXSourcesBuildPhase;
			buildActionMask = 2147483647;
			files = (
				51554D5A26F37DAF0030BB2D /* Tests_macOS.swift in Sources */,
			);
			runOnlyForDeploymentPostprocessing = 0;
		};
/* End PBXSourcesBuildPhase section */

/* Begin PBXTargetDependency section */
		51554D4C26F37DAF0030BB2D /* PBXTargetDependency */ = {
			isa = PBXTargetDependency;
			target = 51554D3926F37DAF0030BB2D /* Voca (iOS) */;
			targetProxy = 51554D4B26F37DAF0030BB2D /* PBXContainerItemProxy */;
		};
		51554D5726F37DAF0030BB2D /* PBXTargetDependency */ = {
			isa = PBXTargetDependency;
			target = 51554D4126F37DAF0030BB2D /* Voca (macOS) */;
			targetProxy = 51554D5626F37DAF0030BB2D /* PBXContainerItemProxy */;
		};
/* End PBXTargetDependency section */

/* Begin XCBuildConfiguration section */
		51554D6226F37DAF0030BB2D /* Debug */ = {
			isa = XCBuildConfiguration;
			buildSettings = {
				ALWAYS_SEARCH_USER_PATHS = NO;
				CLANG_ANALYZER_NONNULL = YES;
				CLANG_ANALYZER_NUMBER_OBJECT_CONVERSION = YES_AGGRESSIVE;
				CLANG_CXX_LANGUAGE_STANDARD = "gnu++14";
				CLANG_CXX_LIBRARY = "libc++";
				CLANG_ENABLE_MODULES = YES;
				CLANG_ENABLE_OBJC_ARC = YES;
				CLANG_ENABLE_OBJC_WEAK = YES;
				CLANG_WARN_BLOCK_CAPTURE_AUTORELEASING = YES;
				CLANG_WARN_BOOL_CONVERSION = YES;
				CLANG_WARN_COMMA = YES;
				CLANG_WARN_CONSTANT_CONVERSION = YES;
				CLANG_WARN_DEPRECATED_OBJC_IMPLEMENTATIONS = YES;
				CLANG_WARN_DIRECT_OBJC_ISA_USAGE = YES_ERROR;
				CLANG_WARN_DOCUMENTATION_COMMENTS = YES;
				CLANG_WARN_EMPTY_BODY = YES;
				CLANG_WARN_ENUM_CONVERSION = YES;
				CLANG_WARN_INFINITE_RECURSION = YES;
				CLANG_WARN_INT_CONVERSION = YES;
				CLANG_WARN_NON_LITERAL_NULL_CONVERSION = YES;
				CLANG_WARN_OBJC_IMPLICIT_RETAIN_SELF = YES;
				CLANG_WARN_OBJC_LITERAL_CONVERSION = YES;
				CLANG_WARN_OBJC_ROOT_CLASS = YES_ERROR;
				CLANG_WARN_QUOTED_INCLUDE_IN_FRAMEWORK_HEADER = YES;
				CLANG_WARN_RANGE_LOOP_ANALYSIS = YES;
				CLANG_WARN_STRICT_PROTOTYPES = YES;
				CLANG_WARN_SUSPICIOUS_MOVE = YES;
				CLANG_WARN_UNGUARDED_AVAILABILITY = YES_AGGRESSIVE;
				CLANG_WARN_UNREACHABLE_CODE = YES;
				CLANG_WARN__DUPLICATE_METHOD_MATCH = YES;
				COPY_PHASE_STRIP = NO;
				DEBUG_INFORMATION_FORMAT = dwarf;
				ENABLE_STRICT_OBJC_MSGSEND = YES;
				ENABLE_TESTABILITY = YES;
				GCC_C_LANGUAGE_STANDARD = gnu11;
				GCC_DYNAMIC_NO_PIC = NO;
				GCC_NO_COMMON_BLOCKS = YES;
				GCC_OPTIMIZATION_LEVEL = 0;
				GCC_PREPROCESSOR_DEFINITIONS = (
					"DEBUG=1",
					"$(inherited)",
				);
				GCC_WARN_64_TO_32_BIT_CONVERSION = YES;
				GCC_WARN_ABOUT_RETURN_TYPE = YES_ERROR;
				GCC_WARN_UNDECLARED_SELECTOR = YES;
				GCC_WARN_UNINITIALIZED_AUTOS = YES_AGGRESSIVE;
				GCC_WARN_UNUSED_FUNCTION = YES;
				GCC_WARN_UNUSED_VARIABLE = YES;
				MTL_ENABLE_DEBUG_INFO = INCLUDE_SOURCE;
				MTL_FAST_MATH = YES;
				ONLY_ACTIVE_ARCH = YES;
				SWIFT_ACTIVE_COMPILATION_CONDITIONS = DEBUG;
				SWIFT_OPTIMIZATION_LEVEL = "-Onone";
			};
			name = Debug;
		};
		51554D6326F37DAF0030BB2D /* Release */ = {
			isa = XCBuildConfiguration;
			buildSettings = {
				ALWAYS_SEARCH_USER_PATHS = NO;
				CLANG_ANALYZER_NONNULL = YES;
				CLANG_ANALYZER_NUMBER_OBJECT_CONVERSION = YES_AGGRESSIVE;
				CLANG_CXX_LANGUAGE_STANDARD = "gnu++14";
				CLANG_CXX_LIBRARY = "libc++";
				CLANG_ENABLE_MODULES = YES;
				CLANG_ENABLE_OBJC_ARC = YES;
				CLANG_ENABLE_OBJC_WEAK = YES;
				CLANG_WARN_BLOCK_CAPTURE_AUTORELEASING = YES;
				CLANG_WARN_BOOL_CONVERSION = YES;
				CLANG_WARN_COMMA = YES;
				CLANG_WARN_CONSTANT_CONVERSION = YES;
				CLANG_WARN_DEPRECATED_OBJC_IMPLEMENTATIONS = YES;
				CLANG_WARN_DIRECT_OBJC_ISA_USAGE = YES_ERROR;
				CLANG_WARN_DOCUMENTATION_COMMENTS = YES;
				CLANG_WARN_EMPTY_BODY = YES;
				CLANG_WARN_ENUM_CONVERSION = YES;
				CLANG_WARN_INFINITE_RECURSION = YES;
				CLANG_WARN_INT_CONVERSION = YES;
				CLANG_WARN_NON_LITERAL_NULL_CONVERSION = YES;
				CLANG_WARN_OBJC_IMPLICIT_RETAIN_SELF = YES;
				CLANG_WARN_OBJC_LITERAL_CONVERSION = YES;
				CLANG_WARN_OBJC_ROOT_CLASS = YES_ERROR;
				CLANG_WARN_QUOTED_INCLUDE_IN_FRAMEWORK_HEADER = YES;
				CLANG_WARN_RANGE_LOOP_ANALYSIS = YES;
				CLANG_WARN_STRICT_PROTOTYPES = YES;
				CLANG_WARN_SUSPICIOUS_MOVE = YES;
				CLANG_WARN_UNGUARDED_AVAILABILITY = YES_AGGRESSIVE;
				CLANG_WARN_UNREACHABLE_CODE = YES;
				CLANG_WARN__DUPLICATE_METHOD_MATCH = YES;
				COPY_PHASE_STRIP = NO;
				DEBUG_INFORMATION_FORMAT = "dwarf-with-dsym";
				ENABLE_NS_ASSERTIONS = NO;
				ENABLE_STRICT_OBJC_MSGSEND = YES;
				GCC_C_LANGUAGE_STANDARD = gnu11;
				GCC_NO_COMMON_BLOCKS = YES;
				GCC_WARN_64_TO_32_BIT_CONVERSION = YES;
				GCC_WARN_ABOUT_RETURN_TYPE = YES_ERROR;
				GCC_WARN_UNDECLARED_SELECTOR = YES;
				GCC_WARN_UNINITIALIZED_AUTOS = YES_AGGRESSIVE;
				GCC_WARN_UNUSED_FUNCTION = YES;
				GCC_WARN_UNUSED_VARIABLE = YES;
				MTL_ENABLE_DEBUG_INFO = NO;
				MTL_FAST_MATH = YES;
				SWIFT_COMPILATION_MODE = wholemodule;
				SWIFT_OPTIMIZATION_LEVEL = "-O";
			};
			name = Release;
		};
		51554D6526F37DAF0030BB2D /* Debug */ = {
			isa = XCBuildConfiguration;
			buildSettings = {
				ASSETCATALOG_COMPILER_APPICON_NAME = AppIcon;
				ASSETCATALOG_COMPILER_GLOBAL_ACCENT_COLOR_NAME = AccentColor;
				CODE_SIGN_STYLE = Automatic;
				DEVELOPMENT_TEAM = FUH54G34CU;
				ENABLE_PREVIEWS = YES;
				INFOPLIST_FILE = iOS/Info.plist;
				IPHONEOS_DEPLOYMENT_TARGET = 15.0;
				LD_RUNPATH_SEARCH_PATHS = (
					"$(inherited)",
					"@executable_path/Frameworks",
				);
				PRODUCT_BUNDLE_IDENTIFIER = com.byungmin.Voca;
				PRODUCT_NAME = Voca;
				SDKROOT = iphoneos;
				SWIFT_VERSION = 5.0;
				TARGETED_DEVICE_FAMILY = "1,2";
			};
			name = Debug;
		};
		51554D6626F37DAF0030BB2D /* Release */ = {
			isa = XCBuildConfiguration;
			buildSettings = {
				ASSETCATALOG_COMPILER_APPICON_NAME = AppIcon;
				ASSETCATALOG_COMPILER_GLOBAL_ACCENT_COLOR_NAME = AccentColor;
				CODE_SIGN_STYLE = Automatic;
				DEVELOPMENT_TEAM = FUH54G34CU;
				ENABLE_PREVIEWS = YES;
				INFOPLIST_FILE = iOS/Info.plist;
				IPHONEOS_DEPLOYMENT_TARGET = 15.0;
				LD_RUNPATH_SEARCH_PATHS = (
					"$(inherited)",
					"@executable_path/Frameworks",
				);
				PRODUCT_BUNDLE_IDENTIFIER = com.byungmin.Voca;
				PRODUCT_NAME = Voca;
				SDKROOT = iphoneos;
				SWIFT_VERSION = 5.0;
				TARGETED_DEVICE_FAMILY = "1,2";
				VALIDATE_PRODUCT = YES;
			};
			name = Release;
		};
		51554D6826F37DAF0030BB2D /* Debug */ = {
			isa = XCBuildConfiguration;
			buildSettings = {
				ASSETCATALOG_COMPILER_APPICON_NAME = AppIcon;
				ASSETCATALOG_COMPILER_GLOBAL_ACCENT_COLOR_NAME = AccentColor;
				CODE_SIGN_ENTITLEMENTS = macOS/macOS.entitlements;
				CODE_SIGN_STYLE = Automatic;
				COMBINE_HIDPI_IMAGES = YES;
				DEVELOPMENT_TEAM = FUH54G34CU;
				ENABLE_HARDENED_RUNTIME = YES;
				ENABLE_PREVIEWS = YES;
				INFOPLIST_FILE = macOS/Info.plist;
				LD_RUNPATH_SEARCH_PATHS = (
					"$(inherited)",
					"@executable_path/../Frameworks",
				);
				MACOSX_DEPLOYMENT_TARGET = 11.0;
				PRODUCT_BUNDLE_IDENTIFIER = com.byungmin.Voca;
				PRODUCT_NAME = Voca;
				SDKROOT = macosx;
				SWIFT_VERSION = 5.0;
			};
			name = Debug;
		};
		51554D6926F37DAF0030BB2D /* Release */ = {
			isa = XCBuildConfiguration;
			buildSettings = {
				ASSETCATALOG_COMPILER_APPICON_NAME = AppIcon;
				ASSETCATALOG_COMPILER_GLOBAL_ACCENT_COLOR_NAME = AccentColor;
				CODE_SIGN_ENTITLEMENTS = macOS/macOS.entitlements;
				CODE_SIGN_STYLE = Automatic;
				COMBINE_HIDPI_IMAGES = YES;
				DEVELOPMENT_TEAM = FUH54G34CU;
				ENABLE_HARDENED_RUNTIME = YES;
				ENABLE_PREVIEWS = YES;
				INFOPLIST_FILE = macOS/Info.plist;
				LD_RUNPATH_SEARCH_PATHS = (
					"$(inherited)",
					"@executable_path/../Frameworks",
				);
				MACOSX_DEPLOYMENT_TARGET = 11.0;
				PRODUCT_BUNDLE_IDENTIFIER = com.byungmin.Voca;
				PRODUCT_NAME = Voca;
				SDKROOT = macosx;
				SWIFT_VERSION = 5.0;
			};
			name = Release;
		};
		51554D6B26F37DAF0030BB2D /* Debug */ = {
			isa = XCBuildConfiguration;
			buildSettings = {
				ALWAYS_EMBED_SWIFT_STANDARD_LIBRARIES = YES;
				CODE_SIGN_STYLE = Automatic;
				DEVELOPMENT_TEAM = FUH54G34CU;
				INFOPLIST_FILE = "Tests iOS/Info.plist";
				IPHONEOS_DEPLOYMENT_TARGET = 14.5;
				LD_RUNPATH_SEARCH_PATHS = (
					"$(inherited)",
					"@executable_path/Frameworks",
					"@loader_path/Frameworks",
				);
				PRODUCT_BUNDLE_IDENTIFIER = "com.byungmin.Tests-iOS";
				PRODUCT_NAME = "$(TARGET_NAME)";
				SDKROOT = iphoneos;
				SWIFT_VERSION = 5.0;
				TARGETED_DEVICE_FAMILY = "1,2";
				TEST_TARGET_NAME = "Voca (iOS)";
			};
			name = Debug;
		};
		51554D6C26F37DAF0030BB2D /* Release */ = {
			isa = XCBuildConfiguration;
			buildSettings = {
				ALWAYS_EMBED_SWIFT_STANDARD_LIBRARIES = YES;
				CODE_SIGN_STYLE = Automatic;
				DEVELOPMENT_TEAM = FUH54G34CU;
				INFOPLIST_FILE = "Tests iOS/Info.plist";
				IPHONEOS_DEPLOYMENT_TARGET = 14.5;
				LD_RUNPATH_SEARCH_PATHS = (
					"$(inherited)",
					"@executable_path/Frameworks",
					"@loader_path/Frameworks",
				);
				PRODUCT_BUNDLE_IDENTIFIER = "com.byungmin.Tests-iOS";
				PRODUCT_NAME = "$(TARGET_NAME)";
				SDKROOT = iphoneos;
				SWIFT_VERSION = 5.0;
				TARGETED_DEVICE_FAMILY = "1,2";
				TEST_TARGET_NAME = "Voca (iOS)";
				VALIDATE_PRODUCT = YES;
			};
			name = Release;
		};
		51554D6E26F37DAF0030BB2D /* Debug */ = {
			isa = XCBuildConfiguration;
			buildSettings = {
				ALWAYS_EMBED_SWIFT_STANDARD_LIBRARIES = YES;
				CODE_SIGN_STYLE = Automatic;
				COMBINE_HIDPI_IMAGES = YES;
				DEVELOPMENT_TEAM = FUH54G34CU;
				INFOPLIST_FILE = "Tests macOS/Info.plist";
				LD_RUNPATH_SEARCH_PATHS = (
					"$(inherited)",
					"@executable_path/../Frameworks",
					"@loader_path/../Frameworks",
				);
				MACOSX_DEPLOYMENT_TARGET = 11.3;
				PRODUCT_BUNDLE_IDENTIFIER = "com.byungmin.Tests-macOS";
				PRODUCT_NAME = "$(TARGET_NAME)";
				SDKROOT = macosx;
				SWIFT_VERSION = 5.0;
				TEST_TARGET_NAME = "Voca (macOS)";
			};
			name = Debug;
		};
		51554D6F26F37DAF0030BB2D /* Release */ = {
			isa = XCBuildConfiguration;
			buildSettings = {
				ALWAYS_EMBED_SWIFT_STANDARD_LIBRARIES = YES;
				CODE_SIGN_STYLE = Automatic;
				COMBINE_HIDPI_IMAGES = YES;
				DEVELOPMENT_TEAM = FUH54G34CU;
				INFOPLIST_FILE = "Tests macOS/Info.plist";
				LD_RUNPATH_SEARCH_PATHS = (
					"$(inherited)",
					"@executable_path/../Frameworks",
					"@loader_path/../Frameworks",
				);
				MACOSX_DEPLOYMENT_TARGET = 11.3;
				PRODUCT_BUNDLE_IDENTIFIER = "com.byungmin.Tests-macOS";
				PRODUCT_NAME = "$(TARGET_NAME)";
				SDKROOT = macosx;
				SWIFT_VERSION = 5.0;
				TEST_TARGET_NAME = "Voca (macOS)";
			};
			name = Release;
		};
/* End XCBuildConfiguration section */

/* Begin XCConfigurationList section */
		51554D3126F37DAD0030BB2D /* Build configuration list for PBXProject "Voca" */ = {
			isa = XCConfigurationList;
			buildConfigurations = (
				51554D6226F37DAF0030BB2D /* Debug */,
				51554D6326F37DAF0030BB2D /* Release */,
			);
			defaultConfigurationIsVisible = 0;
			defaultConfigurationName = Release;
		};
		51554D6426F37DAF0030BB2D /* Build configuration list for PBXNativeTarget "Voca (iOS)" */ = {
			isa = XCConfigurationList;
			buildConfigurations = (
				51554D6526F37DAF0030BB2D /* Debug */,
				51554D6626F37DAF0030BB2D /* Release */,
			);
			defaultConfigurationIsVisible = 0;
			defaultConfigurationName = Release;
		};
		51554D6726F37DAF0030BB2D /* Build configuration list for PBXNativeTarget "Voca (macOS)" */ = {
			isa = XCConfigurationList;
			buildConfigurations = (
				51554D6826F37DAF0030BB2D /* Debug */,
				51554D6926F37DAF0030BB2D /* Release */,
			);
			defaultConfigurationIsVisible = 0;
			defaultConfigurationName = Release;
		};
		51554D6A26F37DAF0030BB2D /* Build configuration list for PBXNativeTarget "Tests iOS" */ = {
			isa = XCConfigurationList;
			buildConfigurations = (
				51554D6B26F37DAF0030BB2D /* Debug */,
				51554D6C26F37DAF0030BB2D /* Release */,
			);
			defaultConfigurationIsVisible = 0;
			defaultConfigurationName = Release;
		};
		51554D6D26F37DAF0030BB2D /* Build configuration list for PBXNativeTarget "Tests macOS" */ = {
			isa = XCConfigurationList;
			buildConfigurations = (
				51554D6E26F37DAF0030BB2D /* Debug */,
				51554D6F26F37DAF0030BB2D /* Release */,
			);
			defaultConfigurationIsVisible = 0;
			defaultConfigurationName = Release;
		};
/* End XCConfigurationList section */

/* Begin XCRemoteSwiftPackageReference section */
		512CF2F3276B83E600706071 /* XCRemoteSwiftPackageReference "swift-composable-architecture" */ = {
			isa = XCRemoteSwiftPackageReference;
			repositoryURL = "https://github.com/pointfreeco/swift-composable-architecture.git";
			requirement = {
				kind = upToNextMajorVersion;
				minimumVersion = 0.30.0;
			};
		};
/* End XCRemoteSwiftPackageReference section */

/* Begin XCSwiftPackageProductDependency section */
		512CF2F4276B83E600706071 /* ComposableArchitecture */ = {
			isa = XCSwiftPackageProductDependency;
			package = 512CF2F3276B83E600706071 /* XCRemoteSwiftPackageReference "swift-composable-architecture" */;
			productName = ComposableArchitecture;
		};
/* End XCSwiftPackageProductDependency section */
	};
	rootObject = 51554D2E26F37DAD0030BB2D /* Project object */;
}
